
Microsoft Visual Studio Solution File, Format Version 12.00
# Visual Studio Version 16
VisualStudioVersion = 16.0.30907.101
MinimumVisualStudioVersion = 10.0.40219.1
Project("{8BC9CEB8-8B4A-11D0-8D11-00A0C91BC942}") = "Capitulo4", "Capitulo4\Capitulo4.vcxproj", "{984EDC0A-830A-4B9E-9CA8-B6F0B22D9EFA}"
EndProject
Global
	GlobalSection(SolutionConfigurationPlatforms) = preSolution
		Debug|x64 = Debug|x64
		Debug|x86 = Debug|x86
		Release|x64 = Release|x64
		Release|x86 = Release|x86
	EndGlobalSection
	GlobalSection(ProjectConfigurationPlatforms) = postSolution
		{984EDC0A-830A-4B9E-9CA8-B6F0B22D9EFA}.Debug|x64.ActiveCfg = Debug|x64
		{984EDC0A-830A-4B9E-9CA8-B6F0B22D9EFA}.Debug|x64.Build.0 = Debug|x64
		{984EDC0A-830A-4B9E-9CA8-B6F0B22D9EFA}.Debug|x86.ActiveCfg = Debug|Win32
		{984EDC0A-830A-4B9E-9CA8-B6F0B22D9EFA}.Debug|x86.Build.0 = Debug|Win32
		{984EDC0A-830A-4B9E-9CA8-B6F0B22D9EFA}.Release|x64.ActiveCfg = Release|x64
		{984EDC0A-830A-4B9E-9CA8-B6F0B22D9EFA}.Release|x64.Build.0 = Release|x64
		{984EDC0A-830A-4B9E-9CA8-B6F0B22D9EFA}.Release|x86.ActiveCfg = Release|Win32
		{984EDC0A-830A-4B9E-9CA8-B6F0B22D9EFA}.Release|x86.Build.0 = Release|Win32
	EndGlobalSection
	GlobalSection(SolutionProperties) = preSolution
		HideSolutionNode = FALSE
	EndGlobalSection
	GlobalSection(ExtensibilityGlobals) = postSolution
		SolutionGuid = {439D8E6F-F6C8-460B-A31C-21B0006822F3}
	EndGlobalSection
EndGlobal
